
Microsoft Visual Studio Solution File, Format Version 12.00
# Visual Studio Version 17
VisualStudioVersion = 17.0.31903.59
MinimumVisualStudioVersion = 10.0.40219.1
Project("{2150E333-8FDC-42A3-9474-1A3956D46DE8}") = "API", "API", "{D82C56D6-B2CD-F611-9E31-04638F7EC30E}"
EndProject
Project("{FAE04EC0-301F-11D3-BF4B-00C04F79EFBC}") = "WatchTogether.API", "API\WatchTogether.API.csproj", "{F2E4EF40-2697-4378-94FA-CE98A9D885F3}"
EndProject
Project("{2150E333-8FDC-42A3-9474-1A3956D46DE8}") = "Business", "Business", "{79A919E1-85D0-3F60-C123-2A6B8B16898A}"
EndProject
Project("{FAE04EC0-301F-11D3-BF4B-00C04F79EFBC}") = "WatchTogether.Business", "Business\WatchTogether.Business.csproj", "{DC8EC69B-F1F7-4A95-969E-314E14057781}"
EndProject
Project("{2150E333-8FDC-42A3-9474-1A3956D46DE8}") = "Data", "Data", "{015FE221-96B2-289B-A0E8-6E7354784A75}"
EndProject
Project("{FAE04EC0-301F-11D3-BF4B-00C04F79EFBC}") = "WatchTogether.Data", "Data\WatchTogether.Data.csproj", "{70C4B22F-99F2-4D98-A7FD-1CB746CC8645}"
EndProject
Project("{FAE04EC0-301F-11D3-BF4B-00C04F79EFBC}") = "WatchTogether.Tests", "WatchTogether.Tests\WatchTogether.Tests.csproj", "{FB144477-AE54-4102-9910-F04B1C45F3F5}"
EndProject
Global
	GlobalSection(SolutionConfigurationPlatforms) = preSolution
		Debug|Any CPU = Debug|Any CPU
		Debug|x64 = Debug|x64
		Debug|x86 = Debug|x86
		Release|Any CPU = Release|Any CPU
		Release|x64 = Release|x64
		Release|x86 = Release|x86
	EndGlobalSection
	GlobalSection(ProjectConfigurationPlatforms) = postSolution
		{F2E4EF40-2697-4378-94FA-CE98A9D885F3}.Debug|Any CPU.ActiveCfg = Debug|Any CPU
		{F2E4EF40-2697-4378-94FA-CE98A9D885F3}.Debug|Any CPU.Build.0 = Debug|Any CPU
		{F2E4EF40-2697-4378-94FA-CE98A9D885F3}.Debug|x64.ActiveCfg = Debug|Any CPU
		{F2E4EF40-2697-4378-94FA-CE98A9D885F3}.Debug|x64.Build.0 = Debug|Any CPU
		{F2E4EF40-2697-4378-94FA-CE98A9D885F3}.Debug|x86.ActiveCfg = Debug|Any CPU
		{F2E4EF40-2697-4378-94FA-CE98A9D885F3}.Debug|x86.Build.0 = Debug|Any CPU
		{F2E4EF40-2697-4378-94FA-CE98A9D885F3}.Release|Any CPU.ActiveCfg = Release|Any CPU
		{F2E4EF40-2697-4378-94FA-CE98A9D885F3}.Release|Any CPU.Build.0 = Release|Any CPU
		{F2E4EF40-2697-4378-94FA-CE98A9D885F3}.Release|x64.ActiveCfg = Release|Any CPU
		{F2E4EF40-2697-4378-94FA-CE98A9D885F3}.Release|x64.Build.0 = Release|Any CPU
		{F2E4EF40-2697-4378-94FA-CE98A9D885F3}.Release|x86.ActiveCfg = Release|Any CPU
		{F2E4EF40-2697-4378-94FA-CE98A9D885F3}.Release|x86.Build.0 = Release|Any CPU
		{DC8EC69B-F1F7-4A95-969E-314E14057781}.Debug|Any CPU.ActiveCfg = Debug|Any CPU
		{DC8EC69B-F1F7-4A95-969E-314E14057781}.Debug|Any CPU.Build.0 = Debug|Any CPU
		{DC8EC69B-F1F7-4A95-969E-314E14057781}.Debug|x64.ActiveCfg = Debug|Any CPU
		{DC8EC69B-F1F7-4A95-969E-314E14057781}.Debug|x64.Build.0 = Debug|Any CPU
		{DC8EC69B-F1F7-4A95-969E-314E14057781}.Debug|x86.ActiveCfg = Debug|Any CPU
		{DC8EC69B-F1F7-4A95-969E-314E14057781}.Debug|x86.Build.0 = Debug|Any CPU
		{DC8EC69B-F1F7-4A95-969E-314E14057781}.Release|Any CPU.ActiveCfg = Release|Any CPU
		{DC8EC69B-F1F7-4A95-969E-314E14057781}.Release|Any CPU.Build.0 = Release|Any CPU
		{DC8EC69B-F1F7-4A95-969E-314E14057781}.Release|x64.ActiveCfg = Release|Any CPU
		{DC8EC69B-F1F7-4A95-969E-314E14057781}.Release|x64.Build.0 = Release|Any CPU
		{DC8EC69B-F1F7-4A95-969E-314E14057781}.Release|x86.ActiveCfg = Release|Any CPU
		{DC8EC69B-F1F7-4A95-969E-314E14057781}.Release|x86.Build.0 = Release|Any CPU
		{70C4B22F-99F2-4D98-A7FD-1CB746CC8645}.Debug|Any CPU.ActiveCfg = Debug|Any CPU
		{70C4B22F-99F2-4D98-A7FD-1CB746CC8645}.Debug|Any CPU.Build.0 = Debug|Any CPU
		{70C4B22F-99F2-4D98-A7FD-1CB746CC8645}.Debug|x64.ActiveCfg = Debug|Any CPU
		{70C4B22F-99F2-4D98-A7FD-1CB746CC8645}.Debug|x64.Build.0 = Debug|Any CPU
		{70C4B22F-99F2-4D98-A7FD-1CB746CC8645}.Debug|x86.ActiveCfg = Debug|Any CPU
		{70C4B22F-99F2-4D98-A7FD-1CB746CC8645}.Debug|x86.Build.0 = Debug|Any CPU
		{70C4B22F-99F2-4D98-A7FD-1CB746CC8645}.Release|Any CPU.ActiveCfg = Release|Any CPU
		{70C4B22F-99F2-4D98-A7FD-1CB746CC8645}.Release|Any CPU.Build.0 = Release|Any CPU
		{70C4B22F-99F2-4D98-A7FD-1CB746CC8645}.Release|x64.ActiveCfg = Release|Any CPU
		{70C4B22F-99F2-4D98-A7FD-1CB746CC8645}.Release|x64.Build.0 = Release|Any CPU
		{70C4B22F-99F2-4D98-A7FD-1CB746CC8645}.Release|x86.ActiveCfg = Release|Any CPU
		{70C4B22F-99F2-4D98-A7FD-1CB746CC8645}.Release|x86.Build.0 = Release|Any CPU
		{FB144477-AE54-4102-9910-F04B1C45F3F5}.Debug|Any CPU.ActiveCfg = Debug|Any CPU
		{FB144477-AE54-4102-9910-F04B1C45F3F5}.Debug|Any CPU.Build.0 = Debug|Any CPU
		{FB144477-AE54-4102-9910-F04B1C45F3F5}.Debug|x64.ActiveCfg = Debug|Any CPU
		{FB144477-AE54-4102-9910-F04B1C45F3F5}.Debug|x64.Build.0 = Debug|Any CPU
		{FB144477-AE54-4102-9910-F04B1C45F3F5}.Debug|x86.ActiveCfg = Debug|Any CPU
		{FB144477-AE54-4102-9910-F04B1C45F3F5}.Debug|x86.Build.0 = Debug|Any CPU
		{FB144477-AE54-4102-9910-F04B1C45F3F5}.Release|Any CPU.ActiveCfg = Release|Any CPU
		{FB144477-AE54-4102-9910-F04B1C45F3F5}.Release|Any CPU.Build.0 = Release|Any CPU
		{FB144477-AE54-4102-9910-F04B1C45F3F5}.Release|x64.ActiveCfg = Release|Any CPU
		{FB144477-AE54-4102-9910-F04B1C45F3F5}.Release|x64.Build.0 = Release|Any CPU
		{FB144477-AE54-4102-9910-F04B1C45F3F5}.Release|x86.ActiveCfg = Release|Any CPU
		{FB144477-AE54-4102-9910-F04B1C45F3F5}.Release|x86.Build.0 = Release|Any CPU
	EndGlobalSection
	GlobalSection(SolutionProperties) = preSolution
		HideSolutionNode = FALSE
	EndGlobalSection
	GlobalSection(NestedProjects) = preSolution
		{F2E4EF40-2697-4378-94FA-CE98A9D885F3} = {D82C56D6-B2CD-F611-9E31-04638F7EC30E}
		{DC8EC69B-F1F7-4A95-969E-314E14057781} = {79A919E1-85D0-3F60-C123-2A6B8B16898A}
		{70C4B22F-99F2-4D98-A7FD-1CB746CC8645} = {015FE221-96B2-289B-A0E8-6E7354784A75}
	EndGlobalSection
EndGlobal
